// !$*UTF8*$!
{
	archiveVersion = 1;
	classes = {
	};
	objectVersion = 46;
	objects = {

/* Begin PBXBuildFile section */
		1E0A202819AB3A1F00AF725A /* Grid.m in Sources */ = {isa = PBXBuildFile; fileRef = 1E0A202719AB3A1F00AF725A /* Grid.m */; };
		1E94C00919AB9D34007E5F4B /* SetPlayingCardView.m in Sources */ = {isa = PBXBuildFile; fileRef = 1E94C00819AB9D34007E5F4B /* SetPlayingCardView.m */; };
		1EB7DB3A19A9D13500EE8E62 /* SetPlayingCard.m in Sources */ = {isa = PBXBuildFile; fileRef = 1EB7DB3919A9D13500EE8E62 /* SetPlayingCard.m */; };
		1EB7DB6C19A9E65400EE8E62 /* SetPlayingCardGameViewController.m in Sources */ = {isa = PBXBuildFile; fileRef = 1EB7DB6B19A9E65400EE8E62 /* SetPlayingCardGameViewController.m */; };
		1EB7DB6F19A9E75100EE8E62 /* SetPlayingCardDeck.m in Sources */ = {isa = PBXBuildFile; fileRef = 1EB7DB6E19A9E75100EE8E62 /* SetPlayingCardDeck.m */; };
		1EB7DB7219A9F3A700EE8E62 /* GameHistoryViewController.m in Sources */ = {isa = PBXBuildFile; fileRef = 1EB7DB7119A9F3A700EE8E62 /* GameHistoryViewController.m */; };
		1EF7039C19AB5CDD00CD5902 /* PlayingCardView.m in Sources */ = {isa = PBXBuildFile; fileRef = 1EF7039B19AB5CDD00CD5902 /* PlayingCardView.m */; };
		8C910D33191F6FA700F61DF8 /* Deck.m in Sources */ = {isa = PBXBuildFile; fileRef = 8C910D32191F6FA700F61DF8 /* Deck.m */; };
		8C910D36191F752700F61DF8 /* PlayingCard.m in Sources */ = {isa = PBXBuildFile; fileRef = 8C910D35191F752700F61DF8 /* PlayingCard.m */; };
		8C910D39191FB46B00F61DF8 /* PlayingCardDeck.m in Sources */ = {isa = PBXBuildFile; fileRef = 8C910D38191FB46B00F61DF8 /* PlayingCardDeck.m */; };
		8C910D3C191FB60900F61DF8 /* CardMatchingGame.m in Sources */ = {isa = PBXBuildFile; fileRef = 8C910D3B191FB60900F61DF8 /* CardMatchingGame.m */; };
		8C99F0FE192103F100435EA2 /* PlayingCardGameViewController.m in Sources */ = {isa = PBXBuildFile; fileRef = 8C99F0FD192103F100435EA2 /* PlayingCardGameViewController.m */; };
		8C99F10419211B8500435EA2 /* CardGameViewController.m in Sources */ = {isa = PBXBuildFile; fileRef = 8C99F10319211B8500435EA2 /* CardGameViewController.m */; };
		8C9B48C219238FA6008D8187 /* Card.m in Sources */ = {isa = PBXBuildFile; fileRef = 8C9B48C119238FA6008D8187 /* Card.m */; };
		8C9B69A918FD614F006B262B /* Foundation.framework in Frameworks */ = {isa = PBXBuildFile; fileRef = 8C9B69A818FD614F006B262B /* Foundation.framework */; };
		8C9B69AB18FD614F006B262B /* CoreGraphics.framework in Frameworks */ = {isa = PBXBuildFile; fileRef = 8C9B69AA18FD614F006B262B /* CoreGraphics.framework */; };
		8C9B69AD18FD614F006B262B /* UIKit.framework in Frameworks */ = {isa = PBXBuildFile; fileRef = 8C9B69AC18FD614F006B262B /* UIKit.framework */; };
		8C9B69B318FD614F006B262B /* InfoPlist.strings in Resources */ = {isa = PBXBuildFile; fileRef = 8C9B69B118FD614F006B262B /* InfoPlist.strings */; };
		8C9B69B518FD6150006B262B /* main.m in Sources */ = {isa = PBXBuildFile; fileRef = 8C9B69B418FD6150006B262B /* main.m */; };
		8C9B69B918FD6151006B262B /* CardGameAppDelegate.m in Sources */ = {isa = PBXBuildFile; fileRef = 8C9B69B818FD6151006B262B /* CardGameAppDelegate.m */; };
		8C9B69BC18FD6151006B262B /* Main.storyboard in Resources */ = {isa = PBXBuildFile; fileRef = 8C9B69BA18FD6151006B262B /* Main.storyboard */; };
		8C9B69C118FD6152006B262B /* Images.xcassets in Resources */ = {isa = PBXBuildFile; fileRef = 8C9B69C018FD6152006B262B /* Images.xcassets */; };
		8C9B69C818FD6152006B262B /* XCTest.framework in Frameworks */ = {isa = PBXBuildFile; fileRef = 8C9B69C718FD6152006B262B /* XCTest.framework */; };
		8C9B69C918FD6152006B262B /* Foundation.framework in Frameworks */ = {isa = PBXBuildFile; fileRef = 8C9B69A818FD614F006B262B /* Foundation.framework */; };
		8C9B69CA18FD6152006B262B /* UIKit.framework in Frameworks */ = {isa = PBXBuildFile; fileRef = 8C9B69AC18FD614F006B262B /* UIKit.framework */; };
		8C9B69D218FD6153006B262B /* InfoPlist.strings in Resources */ = {isa = PBXBuildFile; fileRef = 8C9B69D018FD6153006B262B /* InfoPlist.strings */; };
		8C9B9BC919335972005CF93B /* PlayingCardTests.m in Sources */ = {isa = PBXBuildFile; fileRef = 8C9B9BC819335972005CF93B /* PlayingCardTests.m */; };
		8C9CC5A0193373F300D58E64 /* CardMatchingGameTests.m in Sources */ = {isa = PBXBuildFile; fileRef = 8C9CC59F193373F300D58E64 /* CardMatchingGameTests.m */; };
/* End PBXBuildFile section */

/* Begin PBXContainerItemProxy section */
		8C9B69CB18FD6152006B262B /* PBXContainerItemProxy */ = {
			isa = PBXContainerItemProxy;
			containerPortal = 8C9B699D18FD614F006B262B /* Project object */;
			proxyType = 1;
			remoteGlobalIDString = 8C9B69A418FD614F006B262B;
			remoteInfo = machismo;
		};
/* End PBXContainerItemProxy section */

/* Begin PBXFileReference section */
		1E0A202619AB3A1F00AF725A /* Grid.h */ = {isa = PBXFileReference; fileEncoding = 4; lastKnownFileType = sourcecode.c.h; path = Grid.h; sourceTree = "<group>"; };
		1E0A202719AB3A1F00AF725A /* Grid.m */ = {isa = PBXFileReference; fileEncoding = 4; lastKnownFileType = sourcecode.c.objc; path = Grid.m; sourceTree = "<group>"; };
		1E94C00719AB9D34007E5F4B /* SetPlayingCardView.h */ = {isa = PBXFileReference; fileEncoding = 4; lastKnownFileType = sourcecode.c.h; path = SetPlayingCardView.h; sourceTree = "<group>"; };
		1E94C00819AB9D34007E5F4B /* SetPlayingCardView.m */ = {isa = PBXFileReference; fileEncoding = 4; lastKnownFileType = sourcecode.c.objc; path = SetPlayingCardView.m; sourceTree = "<group>"; };
		1EB7DB3819A9D13500EE8E62 /* SetPlayingCard.h */ = {isa = PBXFileReference; fileEncoding = 4; lastKnownFileType = sourcecode.c.h; path = SetPlayingCard.h; sourceTree = "<group>"; };
		1EB7DB3919A9D13500EE8E62 /* SetPlayingCard.m */ = {isa = PBXFileReference; fileEncoding = 4; lastKnownFileType = sourcecode.c.objc; path = SetPlayingCard.m; sourceTree = "<group>"; };
		1EB7DB6A19A9E65400EE8E62 /* SetPlayingCardGameViewController.h */ = {isa = PBXFileReference; fileEncoding = 4; lastKnownFileType = sourcecode.c.h; path = SetPlayingCardGameViewController.h; sourceTree = "<group>"; };
		1EB7DB6B19A9E65400EE8E62 /* SetPlayingCardGameViewController.m */ = {isa = PBXFileReference; fileEncoding = 4; lastKnownFileType = sourcecode.c.objc; path = SetPlayingCardGameViewController.m; sourceTree = "<group>"; };
		1EB7DB6D19A9E75100EE8E62 /* SetPlayingCardDeck.h */ = {isa = PBXFileReference; fileEncoding = 4; lastKnownFileType = sourcecode.c.h; path = SetPlayingCardDeck.h; sourceTree = "<group>"; };
		1EB7DB6E19A9E75100EE8E62 /* SetPlayingCardDeck.m */ = {isa = PBXFileReference; fileEncoding = 4; lastKnownFileType = sourcecode.c.objc; path = SetPlayingCardDeck.m; sourceTree = "<group>"; };
		1EB7DB7019A9F3A700EE8E62 /* GameHistoryViewController.h */ = {isa = PBXFileReference; fileEncoding = 4; lastKnownFileType = sourcecode.c.h; path = GameHistoryViewController.h; sourceTree = "<group>"; };
		1EB7DB7119A9F3A700EE8E62 /* GameHistoryViewController.m */ = {isa = PBXFileReference; fileEncoding = 4; lastKnownFileType = sourcecode.c.objc; path = GameHistoryViewController.m; sourceTree = "<group>"; };
		1EF7039A19AB5CDD00CD5902 /* PlayingCardView.h */ = {isa = PBXFileReference; fileEncoding = 4; lastKnownFileType = sourcecode.c.h; path = PlayingCardView.h; sourceTree = "<group>"; };
		1EF7039B19AB5CDD00CD5902 /* PlayingCardView.m */ = {isa = PBXFileReference; fileEncoding = 4; lastKnownFileType = sourcecode.c.objc; path = PlayingCardView.m; sourceTree = "<group>"; };
		8C910D31191F6FA700F61DF8 /* Deck.h */ = {isa = PBXFileReference; fileEncoding = 4; lastKnownFileType = sourcecode.c.h; path = Deck.h; sourceTree = "<group>"; };
		8C910D32191F6FA700F61DF8 /* Deck.m */ = {isa = PBXFileReference; fileEncoding = 4; lastKnownFileType = sourcecode.c.objc; path = Deck.m; sourceTree = "<group>"; };
		8C910D34191F752700F61DF8 /* PlayingCard.h */ = {isa = PBXFileReference; fileEncoding = 4; lastKnownFileType = sourcecode.c.h; path = PlayingCard.h; sourceTree = "<group>"; };
		8C910D35191F752700F61DF8 /* PlayingCard.m */ = {isa = PBXFileReference; fileEncoding = 4; lastKnownFileType = sourcecode.c.objc; path = PlayingCard.m; sourceTree = "<group>"; };
		8C910D37191FB46B00F61DF8 /* PlayingCardDeck.h */ = {isa = PBXFileReference; fileEncoding = 4; lastKnownFileType = sourcecode.c.h; path = PlayingCardDeck.h; sourceTree = "<group>"; };
		8C910D38191FB46B00F61DF8 /* PlayingCardDeck.m */ = {isa = PBXFileReference; fileEncoding = 4; lastKnownFileType = sourcecode.c.objc; path = PlayingCardDeck.m; sourceTree = "<group>"; };
		8C910D3A191FB60900F61DF8 /* CardMatchingGame.h */ = {isa = PBXFileReference; fileEncoding = 4; lastKnownFileType = sourcecode.c.h; path = CardMatchingGame.h; sourceTree = "<group>"; };
		8C910D3B191FB60900F61DF8 /* CardMatchingGame.m */ = {isa = PBXFileReference; fileEncoding = 4; lastKnownFileType = sourcecode.c.objc; path = CardMatchingGame.m; sourceTree = "<group>"; };
		8C99F0FC192103F100435EA2 /* PlayingCardGameViewController.h */ = {isa = PBXFileReference; fileEncoding = 4; lastKnownFileType = sourcecode.c.h; path = PlayingCardGameViewController.h; sourceTree = "<group>"; };
		8C99F0FD192103F100435EA2 /* PlayingCardGameViewController.m */ = {isa = PBXFileReference; fileEncoding = 4; lastKnownFileType = sourcecode.c.objc; path = PlayingCardGameViewController.m; sourceTree = "<group>"; };
		8C99F10219211B8500435EA2 /* CardGameViewController.h */ = {isa = PBXFileReference; fileEncoding = 4; lastKnownFileType = sourcecode.c.h; path = CardGameViewController.h; sourceTree = "<group>"; };
		8C99F10319211B8500435EA2 /* CardGameViewController.m */ = {isa = PBXFileReference; fileEncoding = 4; lastKnownFileType = sourcecode.c.objc; path = CardGameViewController.m; sourceTree = "<group>"; };
		8C9B48C019238FA6008D8187 /* Card.h */ = {isa = PBXFileReference; fileEncoding = 4; lastKnownFileType = sourcecode.c.h; path = Card.h; sourceTree = "<group>"; };
		8C9B48C119238FA6008D8187 /* Card.m */ = {isa = PBXFileReference; fileEncoding = 4; lastKnownFileType = sourcecode.c.objc; path = Card.m; sourceTree = "<group>"; };
		8C9B69A518FD614F006B262B /* machismo.app */ = {isa = PBXFileReference; explicitFileType = wrapper.application; includeInIndex = 0; path = machismo.app; sourceTree = BUILT_PRODUCTS_DIR; };
		8C9B69A818FD614F006B262B /* Foundation.framework */ = {isa = PBXFileReference; lastKnownFileType = wrapper.framework; name = Foundation.framework; path = System/Library/Frameworks/Foundation.framework; sourceTree = SDKROOT; };
		8C9B69AA18FD614F006B262B /* CoreGraphics.framework */ = {isa = PBXFileReference; lastKnownFileType = wrapper.framework; name = CoreGraphics.framework; path = System/Library/Frameworks/CoreGraphics.framework; sourceTree = SDKROOT; };
		8C9B69AC18FD614F006B262B /* UIKit.framework */ = {isa = PBXFileReference; lastKnownFileType = wrapper.framework; name = UIKit.framework; path = System/Library/Frameworks/UIKit.framework; sourceTree = SDKROOT; };
		8C9B69B018FD614F006B262B /* machismo-Info.plist */ = {isa = PBXFileReference; lastKnownFileType = text.plist.xml; path = "machismo-Info.plist"; sourceTree = "<group>"; };
		8C9B69B218FD614F006B262B /* en */ = {isa = PBXFileReference; lastKnownFileType = text.plist.strings; name = en; path = en.lproj/InfoPlist.strings; sourceTree = "<group>"; };
		8C9B69B418FD6150006B262B /* main.m */ = {isa = PBXFileReference; lastKnownFileType = sourcecode.c.objc; path = main.m; sourceTree = "<group>"; };
		8C9B69B618FD6150006B262B /* machismo-Prefix.pch */ = {isa = PBXFileReference; lastKnownFileType = sourcecode.c.h; path = "machismo-Prefix.pch"; sourceTree = "<group>"; };
		8C9B69B718FD6151006B262B /* CardGameAppDelegate.h */ = {isa = PBXFileReference; lastKnownFileType = sourcecode.c.h; path = CardGameAppDelegate.h; sourceTree = "<group>"; };
		8C9B69B818FD6151006B262B /* CardGameAppDelegate.m */ = {isa = PBXFileReference; lastKnownFileType = sourcecode.c.objc; path = CardGameAppDelegate.m; sourceTree = "<group>"; };
		8C9B69BB18FD6151006B262B /* Base */ = {isa = PBXFileReference; lastKnownFileType = file.storyboard; name = Base; path = Base.lproj/Main.storyboard; sourceTree = "<group>"; };
		8C9B69C018FD6152006B262B /* Images.xcassets */ = {isa = PBXFileReference; lastKnownFileType = folder.assetcatalog; path = Images.xcassets; sourceTree = "<group>"; };
		8C9B69C618FD6152006B262B /* machismoTests.xctest */ = {isa = PBXFileReference; explicitFileType = wrapper.cfbundle; includeInIndex = 0; path = machismoTests.xctest; sourceTree = BUILT_PRODUCTS_DIR; };
		8C9B69C718FD6152006B262B /* XCTest.framework */ = {isa = PBXFileReference; lastKnownFileType = wrapper.framework; name = XCTest.framework; path = Library/Frameworks/XCTest.framework; sourceTree = DEVELOPER_DIR; };
		8C9B69CF18FD6153006B262B /* machismoTests-Info.plist */ = {isa = PBXFileReference; lastKnownFileType = text.plist.xml; path = "machismoTests-Info.plist"; sourceTree = "<group>"; };
		8C9B69D118FD6153006B262B /* en */ = {isa = PBXFileReference; lastKnownFileType = text.plist.strings; name = en; path = en.lproj/InfoPlist.strings; sourceTree = "<group>"; };
		8C9B9BC819335972005CF93B /* PlayingCardTests.m */ = {isa = PBXFileReference; fileEncoding = 4; lastKnownFileType = sourcecode.c.objc; path = PlayingCardTests.m; sourceTree = "<group>"; };
		8C9CC59F193373F300D58E64 /* CardMatchingGameTests.m */ = {isa = PBXFileReference; fileEncoding = 4; lastKnownFileType = sourcecode.c.objc; path = CardMatchingGameTests.m; sourceTree = "<group>"; };
/* End PBXFileReference section */

/* Begin PBXFrameworksBuildPhase section */
		8C9B69A218FD614F006B262B /* Frameworks */ = {
			isa = PBXFrameworksBuildPhase;
			buildActionMask = 2147483647;
			files = (
				8C9B69AB18FD614F006B262B /* CoreGraphics.framework in Frameworks */,
				8C9B69AD18FD614F006B262B /* UIKit.framework in Frameworks */,
				8C9B69A918FD614F006B262B /* Foundation.framework in Frameworks */,
			);
			runOnlyForDeploymentPostprocessing = 0;
		};
		8C9B69C318FD6152006B262B /* Frameworks */ = {
			isa = PBXFrameworksBuildPhase;
			buildActionMask = 2147483647;
			files = (
				8C9B69C818FD6152006B262B /* XCTest.framework in Frameworks */,
				8C9B69CA18FD6152006B262B /* UIKit.framework in Frameworks */,
				8C9B69C918FD6152006B262B /* Foundation.framework in Frameworks */,
			);
			runOnlyForDeploymentPostprocessing = 0;
		};
/* End PBXFrameworksBuildPhase section */

/* Begin PBXGroup section */
		8C91375B191F63DF004C8374 /* Model */ = {
			isa = PBXGroup;
			children = (
				8C9B48C019238FA6008D8187 /* Card.h */,
				8C9B48C119238FA6008D8187 /* Card.m */,
				8C910D31191F6FA700F61DF8 /* Deck.h */,
				8C910D32191F6FA700F61DF8 /* Deck.m */,
				8C910D34191F752700F61DF8 /* PlayingCard.h */,
				8C910D35191F752700F61DF8 /* PlayingCard.m */,
				8C910D37191FB46B00F61DF8 /* PlayingCardDeck.h */,
				8C910D38191FB46B00F61DF8 /* PlayingCardDeck.m */,
				1EB7DB3819A9D13500EE8E62 /* SetPlayingCard.h */,
				1EB7DB3919A9D13500EE8E62 /* SetPlayingCard.m */,
				1EB7DB6D19A9E75100EE8E62 /* SetPlayingCardDeck.h */,
				1EB7DB6E19A9E75100EE8E62 /* SetPlayingCardDeck.m */,
				8C910D3A191FB60900F61DF8 /* CardMatchingGame.h */,
				8C910D3B191FB60900F61DF8 /* CardMatchingGame.m */,
			);
			name = Model;
			sourceTree = "<group>";
		};
		8C9B699C18FD614F006B262B = {
			isa = PBXGroup;
			children = (
				8C9B69AE18FD614F006B262B /* machismo */,
				8C9B69CD18FD6152006B262B /* machismoTests */,
				8C9B69A718FD614F006B262B /* Frameworks */,
				8C9B69A618FD614F006B262B /* Products */,
			);
			sourceTree = "<group>";
		};
		8C9B69A618FD614F006B262B /* Products */ = {
			isa = PBXGroup;
			children = (
				8C9B69A518FD614F006B262B /* machismo.app */,
				8C9B69C618FD6152006B262B /* machismoTests.xctest */,
			);
			name = Products;
			sourceTree = "<group>";
		};
		8C9B69A718FD614F006B262B /* Frameworks */ = {
			isa = PBXGroup;
			children = (
				8C9B69A818FD614F006B262B /* Foundation.framework */,
				8C9B69AA18FD614F006B262B /* CoreGraphics.framework */,
				8C9B69AC18FD614F006B262B /* UIKit.framework */,
				8C9B69C718FD6152006B262B /* XCTest.framework */,
			);
			name = Frameworks;
			sourceTree = "<group>";
		};
		8C9B69AE18FD614F006B262B /* machismo */ = {
			isa = PBXGroup;
			children = (
				8C9B69BA18FD6151006B262B /* Main.storyboard */,
				1E0A202619AB3A1F00AF725A /* Grid.h */,
				1E0A202719AB3A1F00AF725A /* Grid.m */,
				8C99F10219211B8500435EA2 /* CardGameViewController.h */,
				8C99F10319211B8500435EA2 /* CardGameViewController.m */,
				1EF7039A19AB5CDD00CD5902 /* PlayingCardView.h */,
				1EF7039B19AB5CDD00CD5902 /* PlayingCardView.m */,
				8C99F0FC192103F100435EA2 /* PlayingCardGameViewController.h */,
				8C99F0FD192103F100435EA2 /* PlayingCardGameViewController.m */,
				1E94C00719AB9D34007E5F4B /* SetPlayingCardView.h */,
				1E94C00819AB9D34007E5F4B /* SetPlayingCardView.m */,
				1EB7DB6A19A9E65400EE8E62 /* SetPlayingCardGameViewController.h */,
				1EB7DB6B19A9E65400EE8E62 /* SetPlayingCardGameViewController.m */,
				1EB7DB7019A9F3A700EE8E62 /* GameHistoryViewController.h */,
				1EB7DB7119A9F3A700EE8E62 /* GameHistoryViewController.m */,
				8C91375B191F63DF004C8374 /* Model */,
				8C9B69C018FD6152006B262B /* Images.xcassets */,
				8C9B69AF18FD614F006B262B /* Supporting Files */,
			);
			path = machismo;
			sourceTree = "<group>";
		};
		8C9B69AF18FD614F006B262B /* Supporting Files */ = {
			isa = PBXGroup;
			children = (
				8C9B69B718FD6151006B262B /* CardGameAppDelegate.h */,
				8C9B69B818FD6151006B262B /* CardGameAppDelegate.m */,
				8C9B69B018FD614F006B262B /* machismo-Info.plist */,
				8C9B69B118FD614F006B262B /* InfoPlist.strings */,
				8C9B69B418FD6150006B262B /* main.m */,
				8C9B69B618FD6150006B262B /* machismo-Prefix.pch */,
			);
			name = "Supporting Files";
			sourceTree = "<group>";
		};
		8C9B69CD18FD6152006B262B /* machismoTests */ = {
			isa = PBXGroup;
			children = (
				8C9B9BC819335972005CF93B /* PlayingCardTests.m */,
				8C9CC59F193373F300D58E64 /* CardMatchingGameTests.m */,
				8C9B69CE18FD6153006B262B /* Supporting Files */,
			);
			path = machismoTests;
			sourceTree = "<group>";
		};
		8C9B69CE18FD6153006B262B /* Supporting Files */ = {
			isa = PBXGroup;
			children = (
				8C9B69CF18FD6153006B262B /* machismoTests-Info.plist */,
				8C9B69D018FD6153006B262B /* InfoPlist.strings */,
			);
			name = "Supporting Files";
			sourceTree = "<group>";
		};
/* End PBXGroup section */

/* Begin PBXNativeTarget section */
		8C9B69A418FD614F006B262B /* machismo */ = {
			isa = PBXNativeTarget;
			buildConfigurationList = 8C9B69D718FD6153006B262B /* Build configuration list for PBXNativeTarget "machismo" */;
			buildPhases = (
				8C9B69A118FD614F006B262B /* Sources */,
				8C9B69A218FD614F006B262B /* Frameworks */,
				8C9B69A318FD614F006B262B /* Resources */,
			);
			buildRules = (
			);
			dependencies = (
			);
			name = machismo;
			productName = machismo;
			productReference = 8C9B69A518FD614F006B262B /* machismo.app */;
			productType = "com.apple.product-type.application";
		};
		8C9B69C518FD6152006B262B /* machismoTests */ = {
			isa = PBXNativeTarget;
			buildConfigurationList = 8C9B69DA18FD6153006B262B /* Build configuration list for PBXNativeTarget "machismoTests" */;
			buildPhases = (
				8C9B69C218FD6152006B262B /* Sources */,
				8C9B69C318FD6152006B262B /* Frameworks */,
				8C9B69C418FD6152006B262B /* Resources */,
			);
			buildRules = (
			);
			dependencies = (
				8C9B69CC18FD6152006B262B /* PBXTargetDependency */,
			);
			name = machismoTests;
			productName = machismoTests;
			productReference = 8C9B69C618FD6152006B262B /* machismoTests.xctest */;
			productType = "com.apple.product-type.bundle.unit-test";
		};
/* End PBXNativeTarget section */

/* Begin PBXProject section */
		8C9B699D18FD614F006B262B /* Project object */ = {
			isa = PBXProject;
			attributes = {
				CLASSPREFIX = CardGame;
				LastUpgradeCheck = 0510;
				ORGANIZATIONNAME = "___FULLUSERNAME___";
				TargetAttributes = {
					8C9B69C518FD6152006B262B = {
						TestTargetID = 8C9B69A418FD614F006B262B;
					};
				};
			};
			buildConfigurationList = 8C9B69A018FD614F006B262B /* Build configuration list for PBXProject "machismo" */;
			compatibilityVersion = "Xcode 3.2";
			developmentRegion = English;
			hasScannedForEncodings = 0;
			knownRegions = (
				en,
				Base,
			);
			mainGroup = 8C9B699C18FD614F006B262B;
			productRefGroup = 8C9B69A618FD614F006B262B /* Products */;
			projectDirPath = "";
			projectRoot = "";
			targets = (
				8C9B69A418FD614F006B262B /* machismo */,
				8C9B69C518FD6152006B262B /* machismoTests */,
			);
		};
/* End PBXProject section */

/* Begin PBXResourcesBuildPhase section */
		8C9B69A318FD614F006B262B /* Resources */ = {
			isa = PBXResourcesBuildPhase;
			buildActionMask = 2147483647;
			files = (
				8C9B69C118FD6152006B262B /* Images.xcassets in Resources */,
				8C9B69B318FD614F006B262B /* InfoPlist.strings in Resources */,
				8C9B69BC18FD6151006B262B /* Main.storyboard in Resources */,
			);
			runOnlyForDeploymentPostprocessing = 0;
		};
		8C9B69C418FD6152006B262B /* Resources */ = {
			isa = PBXResourcesBuildPhase;
			buildActionMask = 2147483647;
			files = (
				8C9B69D218FD6153006B262B /* InfoPlist.strings in Resources */,
			);
			runOnlyForDeploymentPostprocessing = 0;
		};
/* End PBXResourcesBuildPhase section */

/* Begin PBXSourcesBuildPhase section */
		8C9B69A118FD614F006B262B /* Sources */ = {
			isa = PBXSourcesBuildPhase;
			buildActionMask = 2147483647;
			files = (
				8C910D36191F752700F61DF8 /* PlayingCard.m in Sources */,
				1EB7DB6F19A9E75100EE8E62 /* SetPlayingCardDeck.m in Sources */,
				8C910D33191F6FA700F61DF8 /* Deck.m in Sources */,
				1E0A202819AB3A1F00AF725A /* Grid.m in Sources */,
				1E94C00919AB9D34007E5F4B /* SetPlayingCardView.m in Sources */,
				1EF7039C19AB5CDD00CD5902 /* PlayingCardView.m in Sources */,
				8C9B69B918FD6151006B262B /* CardGameAppDelegate.m in Sources */,
				8C910D3C191FB60900F61DF8 /* CardMatchingGame.m in Sources */,
				8C910D39191FB46B00F61DF8 /* PlayingCardDeck.m in Sources */,
				8C9B48C219238FA6008D8187 /* Card.m in Sources */,
				1EB7DB6C19A9E65400EE8E62 /* SetPlayingCardGameViewController.m in Sources */,
				8C9B69B518FD6150006B262B /* main.m in Sources */,
				1EB7DB3A19A9D13500EE8E62 /* SetPlayingCard.m in Sources */,
				8C99F10419211B8500435EA2 /* CardGameViewController.m in Sources */,
				1EB7DB7219A9F3A700EE8E62 /* GameHistoryViewController.m in Sources */,
				8C99F0FE192103F100435EA2 /* PlayingCardGameViewController.m in Sources */,
			);
			runOnlyForDeploymentPostprocessing = 0;
		};
		8C9B69C218FD6152006B262B /* Sources */ = {
			isa = PBXSourcesBuildPhase;
			buildActionMask = 2147483647;
			files = (
				8C9CC5A0193373F300D58E64 /* CardMatchingGameTests.m in Sources */,
				8C9B9BC919335972005CF93B /* PlayingCardTests.m in Sources */,
			);
			runOnlyForDeploymentPostprocessing = 0;
		};
/* End PBXSourcesBuildPhase section */

/* Begin PBXTargetDependency section */
		8C9B69CC18FD6152006B262B /* PBXTargetDependency */ = {
			isa = PBXTargetDependency;
			target = 8C9B69A418FD614F006B262B /* machismo */;
			targetProxy = 8C9B69CB18FD6152006B262B /* PBXContainerItemProxy */;
		};
/* End PBXTargetDependency section */

/* Begin PBXVariantGroup section */
		8C9B69B118FD614F006B262B /* InfoPlist.strings */ = {
			isa = PBXVariantGroup;
			children = (
				8C9B69B218FD614F006B262B /* en */,
			);
			name = InfoPlist.strings;
			sourceTree = "<group>";
		};
		8C9B69BA18FD6151006B262B /* Main.storyboard */ = {
			isa = PBXVariantGroup;
			children = (
				8C9B69BB18FD6151006B262B /* Base */,
			);
			name = Main.storyboard;
			sourceTree = "<group>";
		};
		8C9B69D018FD6153006B262B /* InfoPlist.strings */ = {
			isa = PBXVariantGroup;
			children = (
				8C9B69D118FD6153006B262B /* en */,
			);
			name = InfoPlist.strings;
			sourceTree = "<group>";
		};
/* End PBXVariantGroup section */

/* Begin XCBuildConfiguration section */
		8C9B69D518FD6153006B262B /* Debug */ = {
			isa = XCBuildConfiguration;
			buildSettings = {
				ALWAYS_SEARCH_USER_PATHS = NO;
				CLANG_CXX_LANGUAGE_STANDARD = "gnu++0x";
				CLANG_CXX_LIBRARY = "libc++";
				CLANG_ENABLE_MODULES = YES;
				CLANG_ENABLE_OBJC_ARC = YES;
				CLANG_WARN_BOOL_CONVERSION = YES;
				CLANG_WARN_CONSTANT_CONVERSION = YES;
				CLANG_WARN_DIRECT_OBJC_ISA_USAGE = YES_ERROR;
				CLANG_WARN_EMPTY_BODY = YES;
				CLANG_WARN_ENUM_CONVERSION = YES;
				CLANG_WARN_INT_CONVERSION = YES;
				CLANG_WARN_OBJC_ROOT_CLASS = YES_ERROR;
				CLANG_WARN__DUPLICATE_METHOD_MATCH = YES;
				"CODE_SIGN_IDENTITY[sdk=iphoneos*]" = "iPhone Developer";
				COPY_PHASE_STRIP = NO;
				GCC_C_LANGUAGE_STANDARD = gnu99;
				GCC_DYNAMIC_NO_PIC = NO;
				GCC_OPTIMIZATION_LEVEL = 0;
				GCC_PREPROCESSOR_DEFINITIONS = (
					"DEBUG=1",
					"$(inherited)",
				);
				GCC_SYMBOLS_PRIVATE_EXTERN = NO;
				GCC_WARN_64_TO_32_BIT_CONVERSION = YES;
				GCC_WARN_ABOUT_RETURN_TYPE = YES_ERROR;
				GCC_WARN_UNDECLARED_SELECTOR = YES;
				GCC_WARN_UNINITIALIZED_AUTOS = YES_AGGRESSIVE;
				GCC_WARN_UNUSED_FUNCTION = YES;
				GCC_WARN_UNUSED_VARIABLE = YES;
				IPHONEOS_DEPLOYMENT_TARGET = 7.0;
				ONLY_ACTIVE_ARCH = YES;
				SDKROOT = iphoneos;
			};
			name = Debug;
		};
		8C9B69D618FD6153006B262B /* Release */ = {
			isa = XCBuildConfiguration;
			buildSettings = {
				ALWAYS_SEARCH_USER_PATHS = NO;
				CLANG_CXX_LANGUAGE_STANDARD = "gnu++0x";
				CLANG_CXX_LIBRARY = "libc++";
				CLANG_ENABLE_MODULES = YES;
				CLANG_ENABLE_OBJC_ARC = YES;
				CLANG_WARN_BOOL_CONVERSION = YES;
				CLANG_WARN_CONSTANT_CONVERSION = YES;
				CLANG_WARN_DIRECT_OBJC_ISA_USAGE = YES_ERROR;
				CLANG_WARN_EMPTY_BODY = YES;
				CLANG_WARN_ENUM_CONVERSION = YES;
				CLANG_WARN_INT_CONVERSION = YES;
				CLANG_WARN_OBJC_ROOT_CLASS = YES_ERROR;
				CLANG_WARN__DUPLICATE_METHOD_MATCH = YES;
				"CODE_SIGN_IDENTITY[sdk=iphoneos*]" = "iPhone Developer";
				COPY_PHASE_STRIP = YES;
				ENABLE_NS_ASSERTIONS = NO;
				GCC_C_LANGUAGE_STANDARD = gnu99;
				GCC_WARN_64_TO_32_BIT_CONVERSION = YES;
				GCC_WARN_ABOUT_RETURN_TYPE = YES_ERROR;
				GCC_WARN_UNDECLARED_SELECTOR = YES;
				GCC_WARN_UNINITIALIZED_AUTOS = YES_AGGRESSIVE;
				GCC_WARN_UNUSED_FUNCTION = YES;
				GCC_WARN_UNUSED_VARIABLE = YES;
				IPHONEOS_DEPLOYMENT_TARGET = 7.0;
				SDKROOT = iphoneos;
				VALIDATE_PRODUCT = YES;
			};
			name = Release;
		};
		8C9B69D818FD6153006B262B /* Debug */ = {
			isa = XCBuildConfiguration;
			buildSettings = {
				ASSETCATALOG_COMPILER_APPICON_NAME = AppIcon;
				ASSETCATALOG_COMPILER_LAUNCHIMAGE_NAME = LaunchImage;
				GCC_PRECOMPILE_PREFIX_HEADER = YES;
				GCC_PREFIX_HEADER = "machismo/machismo-Prefix.pch";
				INFOPLIST_FILE = "machismo/machismo-Info.plist";
				IPHONEOS_DEPLOYMENT_TARGET = 7.0;
				PRODUCT_NAME = "$(TARGET_NAME)";
				SDKROOT = iphoneos7.1;
				TARGETED_DEVICE_FAMILY = 1;
				WRAPPER_EXTENSION = app;
			};
			name = Debug;
		};
		8C9B69D918FD6153006B262B /* Release */ = {
			isa = XCBuildConfiguration;
			buildSettings = {
				ASSETCATALOG_COMPILER_APPICON_NAME = AppIcon;
				ASSETCATALOG_COMPILER_LAUNCHIMAGE_NAME = LaunchImage;
				GCC_PRECOMPILE_PREFIX_HEADER = YES;
				GCC_PREFIX_HEADER = "machismo/machismo-Prefix.pch";
				INFOPLIST_FILE = "machismo/machismo-Info.plist";
				IPHONEOS_DEPLOYMENT_TARGET = 7.0;
				PRODUCT_NAME = "$(TARGET_NAME)";
				SDKROOT = iphoneos7.1;
				TARGETED_DEVICE_FAMILY = 1;
				WRAPPER_EXTENSION = app;
			};
			name = Release;
		};
		8C9B69DB18FD6153006B262B /* Debug */ = {
			isa = XCBuildConfiguration;
			buildSettings = {
				BUNDLE_LOADER = "$(BUILT_PRODUCTS_DIR)/machismo.app/machismo";
				FRAMEWORK_SEARCH_PATHS = (
					"$(SDKROOT)/Developer/Library/Frameworks",
					"$(inherited)",
					"$(DEVELOPER_FRAMEWORKS_DIR)",
				);
				GCC_PRECOMPILE_PREFIX_HEADER = YES;
				GCC_PREFIX_HEADER = "machismo/machismo-Prefix.pch";
				GCC_PREPROCESSOR_DEFINITIONS = (
					"DEBUG=1",
					"$(inherited)",
				);
				INFOPLIST_FILE = "machismoTests/machismoTests-Info.plist";
				PRODUCT_NAME = "$(TARGET_NAME)";
				TEST_HOST = "$(BUNDLE_LOADER)";
				WRAPPER_EXTENSION = xctest;
			};
			name = Debug;
		};
		8C9B69DC18FD6153006B262B /* Release */ = {
			isa = XCBuildConfiguration;
			buildSettings = {
				BUNDLE_LOADER = "$(BUILT_PRODUCTS_DIR)/machismo.app/machismo";
				FRAMEWORK_SEARCH_PATHS = (
					"$(SDKROOT)/Developer/Library/Frameworks",
					"$(inherited)",
					"$(DEVELOPER_FRAMEWORKS_DIR)",
				);
				GCC_PRECOMPILE_PREFIX_HEADER = YES;
				GCC_PREFIX_HEADER = "machismo/machismo-Prefix.pch";
				INFOPLIST_FILE = "machismoTests/machismoTests-Info.plist";
				PRODUCT_NAME = "$(TARGET_NAME)";
				TEST_HOST = "$(BUNDLE_LOADER)";
				WRAPPER_EXTENSION = xctest;
			};
			name = Release;
		};
/* End XCBuildConfiguration section */

/* Begin XCConfigurationList section */
		8C9B69A018FD614F006B262B /* Build configuration list for PBXProject "machismo" */ = {
			isa = XCConfigurationList;
			buildConfigurations = (
				8C9B69D518FD6153006B262B /* Debug */,
				8C9B69D618FD6153006B262B /* Release */,
			);
			defaultConfigurationIsVisible = 0;
			defaultConfigurationName = Release;
		};
		8C9B69D718FD6153006B262B /* Build configuration list for PBXNativeTarget "machismo" */ = {
			isa = XCConfigurationList;
			buildConfigurations = (
				8C9B69D818FD6153006B262B /* Debug */,
				8C9B69D918FD6153006B262B /* Release */,
			);
			defaultConfigurationIsVisible = 0;
			defaultConfigurationName = Release;
		};
		8C9B69DA18FD6153006B262B /* Build configuration list for PBXNativeTarget "machismoTests" */ = {
			isa = XCConfigurationList;
			buildConfigurations = (
				8C9B69DB18FD6153006B262B /* Debug */,
				8C9B69DC18FD6153006B262B /* Release */,
			);
			defaultConfigurationIsVisible = 0;
			defaultConfigurationName = Release;
		};
/* End XCConfigurationList section */
	};
	rootObject = 8C9B699D18FD614F006B262B /* Project object */;
}
